github.com/google/pprof v0.0.0-20230901174712-0191c66da455 h1:YhRUmI1ttDC4sxKY2V62BTI8hCXnyZBV9h38eAanInE=
github.com/google/pprof v0.0.0-20230901174712-0191c66da455/go.mod h1:czg5+yv1E0ZGTi6S6vVK1mke0fV+FaUhNGcd6VRS9Ik=
github.com/kelseyhightower/envconfig v1.4.0 h1:Im6hONhd3pLkfDFsbRgu68RDNkGF1r3dvMUtDTo2cv8=
github.com/kelseyhightower/envconfig v1.4.0/go.mod h1:cccZRl6mQpaq41TPp5QxidR+Sa3axMbJDNb//FQX6Gg=
